
Microsoft Visual Studio Solution File, Format Version 12.00
# Visual Studio 2013
VisualStudioVersion = 12.0.31101.0
MinimumVisualStudioVersion = 10.0.40219.1
Project("{FAE04EC0-301F-11D3-BF4B-00C04F79EFBC}") = "ListenLearn.Listen", "ListenLearn.Listen\ListenLearn.Listen.csproj", "{8F5FA15E-E562-4143-A282-612783949EFE}"
EndProject
Project("{FAE04EC0-301F-11D3-BF4B-00C04F79EFBC}") = "ListenLearn.ListenTest", "ListenLearn.ListenTest\ListenLearn.ListenTest.csproj", "{5CE329E9-0827-4485-BB7D-F69D8C1B0977}"
EndProject
Project("{FAE04EC0-301F-11D3-BF4B-00C04F79EFBC}") = "ListenLearn.Learn", "ListenLearn.Learn\ListenLearn.Learn.csproj", "{600A8A03-C58B-4853-9C65-E5F6FE74A6DB}"
EndProject
Project("{FAE04EC0-301F-11D3-BF4B-00C04F79EFBC}") = "ListenLearn.LearnTest", "ListenLearn.LearnTest\ListenLearn.LearnTest.csproj", "{B581A6B7-1CDA-4723-A55B-52C636A4B76C}"
EndProject
Project("{FAE04EC0-301F-11D3-BF4B-00C04F79EFBC}") = "ListenLearn.Client.Android", "ListenLearn.Client.Android\ListenLearn.Client.Android.csproj", "{B1702442-CB1B-461A-B4ED-A7C9E1F90E7B}"
EndProject
Global
	GlobalSection(SolutionConfigurationPlatforms) = preSolution
		Debug|Any CPU = Debug|Any CPU
		Release|Any CPU = Release|Any CPU
	EndGlobalSection
	GlobalSection(ProjectConfigurationPlatforms) = postSolution
		{8F5FA15E-E562-4143-A282-612783949EFE}.Debug|Any CPU.ActiveCfg = Debug|Any CPU
		{8F5FA15E-E562-4143-A282-612783949EFE}.Debug|Any CPU.Build.0 = Debug|Any CPU
		{8F5FA15E-E562-4143-A282-612783949EFE}.Release|Any CPU.ActiveCfg = Release|Any CPU
		{8F5FA15E-E562-4143-A282-612783949EFE}.Release|Any CPU.Build.0 = Release|Any CPU
		{5CE329E9-0827-4485-BB7D-F69D8C1B0977}.Debug|Any CPU.ActiveCfg = Debug|Any CPU
		{5CE329E9-0827-4485-BB7D-F69D8C1B0977}.Debug|Any CPU.Build.0 = Debug|Any CPU
		{5CE329E9-0827-4485-BB7D-F69D8C1B0977}.Release|Any CPU.ActiveCfg = Release|Any CPU
		{5CE329E9-0827-4485-BB7D-F69D8C1B0977}.Release|Any CPU.Build.0 = Release|Any CPU
		{600A8A03-C58B-4853-9C65-E5F6FE74A6DB}.Debug|Any CPU.ActiveCfg = Debug|Any CPU
		{600A8A03-C58B-4853-9C65-E5F6FE74A6DB}.Debug|Any CPU.Build.0 = Debug|Any CPU
		{600A8A03-C58B-4853-9C65-E5F6FE74A6DB}.Release|Any CPU.ActiveCfg = Release|Any CPU
		{600A8A03-C58B-4853-9C65-E5F6FE74A6DB}.Release|Any CPU.Build.0 = Release|Any CPU
		{B581A6B7-1CDA-4723-A55B-52C636A4B76C}.Debug|Any CPU.ActiveCfg = Debug|Any CPU
		{B581A6B7-1CDA-4723-A55B-52C636A4B76C}.Debug|Any CPU.Build.0 = Debug|Any CPU
		{B581A6B7-1CDA-4723-A55B-52C636A4B76C}.Release|Any CPU.ActiveCfg = Release|Any CPU
		{B581A6B7-1CDA-4723-A55B-52C636A4B76C}.Release|Any CPU.Build.0 = Release|Any CPU
		{B1702442-CB1B-461A-B4ED-A7C9E1F90E7B}.Debug|Any CPU.ActiveCfg = Debug|Any CPU
		{B1702442-CB1B-461A-B4ED-A7C9E1F90E7B}.Debug|Any CPU.Build.0 = Debug|Any CPU
		{B1702442-CB1B-461A-B4ED-A7C9E1F90E7B}.Debug|Any CPU.Deploy.0 = Debug|Any CPU
		{B1702442-CB1B-461A-B4ED-A7C9E1F90E7B}.Release|Any CPU.ActiveCfg = Release|Any CPU
		{B1702442-CB1B-461A-B4ED-A7C9E1F90E7B}.Release|Any CPU.Build.0 = Release|Any CPU
		{B1702442-CB1B-461A-B4ED-A7C9E1F90E7B}.Release|Any CPU.Deploy.0 = Release|Any CPU
	EndGlobalSection
	GlobalSection(SolutionProperties) = preSolution
		HideSolutionNode = FALSE
	EndGlobalSection
EndGlobal
